
Microsoft Visual Studio Solution File, Format Version 12.00
# Visual Studio Version 17
VisualStudioVersion = 17.10.35122.118
MinimumVisualStudioVersion = 10.0.40219.1
Project("{FAE04EC0-301F-11D3-BF4B-00C04F79EFBC}") = "Configuration.Introduction", "Configuration.Introduction\Configuration.Introduction.csproj", "{1356666C-9C26-4601-9374-A0361400C11E}"
EndProject
Global
	GlobalSection(SolutionConfigurationPlatforms) = preSolution
		Debug|Any CPU = Debug|Any CPU
		Release|Any CPU = Release|Any CPU
	EndGlobalSection
	GlobalSection(ProjectConfigurationPlatforms) = postSolution
		{1356666C-9C26-4601-9374-A0361400C11E}.Debug|Any CPU.ActiveCfg = Debug|Any CPU
		{1356666C-9C26-4601-9374-A0361400C11E}.Debug|Any CPU.Build.0 = Debug|Any CPU
		{1356666C-9C26-4601-9374-A0361400C11E}.Release|Any CPU.ActiveCfg = Release|Any CPU
		{1356666C-9C26-4601-9374-A0361400C11E}.Release|Any CPU.Build.0 = Release|Any CPU
	EndGlobalSection
	GlobalSection(SolutionProperties) = preSolution
		HideSolutionNode = FALSE
	EndGlobalSection
	GlobalSection(ExtensibilityGlobals) = postSolution
		SolutionGuid = {14C3D2B3-BCA3-4CE5-B1EE-432F0F5E12B2}
	EndGlobalSection
EndGlobal
