
Microsoft Visual Studio Solution File, Format Version 12.00
# Visual Studio Version 17
VisualStudioVersion = 17.10.35122.118
MinimumVisualStudioVersion = 10.0.40219.1
Project("{FAE04EC0-301F-11D3-BF4B-00C04F79EFBC}") = "DISample.Inroduction", "DISample.Inroduction\DISample.Inroduction.csproj", "{934455B7-76E7-42D4-AFBC-62BFBEA8BBE2}"
EndProject
Project("{FAE04EC0-301F-11D3-BF4B-00C04F79EFBC}") = "DISample.InroToDI", "DISample.InroToDI\DISample.InroToDI.csproj", "{0590EC30-F196-4364-B896-5568599E8F25}"
EndProject
Project("{FAE04EC0-301F-11D3-BF4B-00C04F79EFBC}") = "DISample.LifeSycle", "DISample.LifeSycle\DISample.LifeSycle.csproj", "{2A69BD66-269F-45F9-BBF4-73B92A3A4053}"
EndProject
Project("{FAE04EC0-301F-11D3-BF4B-00C04F79EFBC}") = "DISample.Facory", "DISample.Facory\DISample.Facory.csproj", "{DDD1C6F8-069D-413B-B2B7-D5A9F250738B}"
EndProject
Project("{FAE04EC0-301F-11D3-BF4B-00C04F79EFBC}") = "DISample.Others", "DISample.Others\DISample.Others.csproj", "{AD780666-51E1-4165-821C-8FA60C2E9F7C}"
EndProject
Global
	GlobalSection(SolutionConfigurationPlatforms) = preSolution
		Debug|Any CPU = Debug|Any CPU
		Release|Any CPU = Release|Any CPU
	EndGlobalSection
	GlobalSection(ProjectConfigurationPlatforms) = postSolution
		{934455B7-76E7-42D4-AFBC-62BFBEA8BBE2}.Debug|Any CPU.ActiveCfg = Debug|Any CPU
		{934455B7-76E7-42D4-AFBC-62BFBEA8BBE2}.Debug|Any CPU.Build.0 = Debug|Any CPU
		{934455B7-76E7-42D4-AFBC-62BFBEA8BBE2}.Release|Any CPU.ActiveCfg = Release|Any CPU
		{934455B7-76E7-42D4-AFBC-62BFBEA8BBE2}.Release|Any CPU.Build.0 = Release|Any CPU
		{0590EC30-F196-4364-B896-5568599E8F25}.Debug|Any CPU.ActiveCfg = Debug|Any CPU
		{0590EC30-F196-4364-B896-5568599E8F25}.Debug|Any CPU.Build.0 = Debug|Any CPU
		{0590EC30-F196-4364-B896-5568599E8F25}.Release|Any CPU.ActiveCfg = Release|Any CPU
		{0590EC30-F196-4364-B896-5568599E8F25}.Release|Any CPU.Build.0 = Release|Any CPU
		{2A69BD66-269F-45F9-BBF4-73B92A3A4053}.Debug|Any CPU.ActiveCfg = Debug|Any CPU
		{2A69BD66-269F-45F9-BBF4-73B92A3A4053}.Debug|Any CPU.Build.0 = Debug|Any CPU
		{2A69BD66-269F-45F9-BBF4-73B92A3A4053}.Release|Any CPU.ActiveCfg = Release|Any CPU
		{2A69BD66-269F-45F9-BBF4-73B92A3A4053}.Release|Any CPU.Build.0 = Release|Any CPU
		{DDD1C6F8-069D-413B-B2B7-D5A9F250738B}.Debug|Any CPU.ActiveCfg = Debug|Any CPU
		{DDD1C6F8-069D-413B-B2B7-D5A9F250738B}.Debug|Any CPU.Build.0 = Debug|Any CPU
		{DDD1C6F8-069D-413B-B2B7-D5A9F250738B}.Release|Any CPU.ActiveCfg = Release|Any CPU
		{DDD1C6F8-069D-413B-B2B7-D5A9F250738B}.Release|Any CPU.Build.0 = Release|Any CPU
		{AD780666-51E1-4165-821C-8FA60C2E9F7C}.Debug|Any CPU.ActiveCfg = Debug|Any CPU
		{AD780666-51E1-4165-821C-8FA60C2E9F7C}.Debug|Any CPU.Build.0 = Debug|Any CPU
		{AD780666-51E1-4165-821C-8FA60C2E9F7C}.Release|Any CPU.ActiveCfg = Release|Any CPU
		{AD780666-51E1-4165-821C-8FA60C2E9F7C}.Release|Any CPU.Build.0 = Release|Any CPU
	EndGlobalSection
	GlobalSection(SolutionProperties) = preSolution
		HideSolutionNode = FALSE
	EndGlobalSection
	GlobalSection(ExtensibilityGlobals) = postSolution
		SolutionGuid = {7998B988-956B-4ED0-AFA7-9B6F520FE2DE}
	EndGlobalSection
EndGlobal
