
Microsoft Visual Studio Solution File, Format Version 12.00
# Visual Studio Version 17
VisualStudioVersion = 17.10.35122.118
MinimumVisualStudioVersion = 10.0.40219.1
Project("{FAE04EC0-301F-11D3-BF4B-00C04F79EFBC}") = "UsefullMeddlewares.LogRequests", "UsefullMeddlewares.LogRequests\UsefullMeddlewares.LogRequests.csproj", "{005BF198-72FE-4D30-A064-12EFC1460092}"
EndProject
Project("{FAE04EC0-301F-11D3-BF4B-00C04F79EFBC}") = "UsefullMeddlewares.StaticFileSample", "UsefullMeddlewares.StaticFileSample\UsefullMeddlewares.StaticFileSample.csproj", "{71D722BE-8618-4770-BD0A-632AD1EA66F6}"
EndProject
Global
	GlobalSection(SolutionConfigurationPlatforms) = preSolution
		Debug|Any CPU = Debug|Any CPU
		Release|Any CPU = Release|Any CPU
	EndGlobalSection
	GlobalSection(ProjectConfigurationPlatforms) = postSolution
		{005BF198-72FE-4D30-A064-12EFC1460092}.Debug|Any CPU.ActiveCfg = Debug|Any CPU
		{005BF198-72FE-4D30-A064-12EFC1460092}.Debug|Any CPU.Build.0 = Debug|Any CPU
		{005BF198-72FE-4D30-A064-12EFC1460092}.Release|Any CPU.ActiveCfg = Release|Any CPU
		{005BF198-72FE-4D30-A064-12EFC1460092}.Release|Any CPU.Build.0 = Release|Any CPU
		{71D722BE-8618-4770-BD0A-632AD1EA66F6}.Debug|Any CPU.ActiveCfg = Debug|Any CPU
		{71D722BE-8618-4770-BD0A-632AD1EA66F6}.Debug|Any CPU.Build.0 = Debug|Any CPU
		{71D722BE-8618-4770-BD0A-632AD1EA66F6}.Release|Any CPU.ActiveCfg = Release|Any CPU
		{71D722BE-8618-4770-BD0A-632AD1EA66F6}.Release|Any CPU.Build.0 = Release|Any CPU
	EndGlobalSection
	GlobalSection(SolutionProperties) = preSolution
		HideSolutionNode = FALSE
	EndGlobalSection
	GlobalSection(ExtensibilityGlobals) = postSolution
		SolutionGuid = {CE1702BA-E149-4ABB-9D74-A5885CB05FF2}
	EndGlobalSection
EndGlobal
